
Microsoft Visual Studio Solution File, Format Version 12.00
# Visual Studio Version 17
VisualStudioVersion = 17.14.36310.24
MinimumVisualStudioVersion = 10.0.40219.1
Project("{FAE04EC0-301F-11D3-BF4B-00C04F79EFBC}") = "CustomerManagement.API", "CustomerManagement.API.csproj", "{0D975BD0-BA49-4B61-9A91-287570E0D1B8}"
EndProject
Project("{2150E333-8FDC-42A3-9474-1A3956D46DE8}") = "Persistent", "Persistent", "{64C50510-4586-4526-A22A-7C117FD2E21E}"
EndProject
Project("{2150E333-8FDC-42A3-9474-1A3956D46DE8}") = "API", "API", "{109771BA-455E-44C6-A61E-ED26DADEB40C}"
EndProject
Project("{FAE04EC0-301F-11D3-BF4B-00C04F79EFBC}") = "CustomerManagement.DataAccess", "..\CustomerManagement.DataAccess\CustomerManagement.DataAccess.csproj", "{5888B2C5-C828-4549-8DC2-182D353A996D}"
EndProject
Project("{2150E333-8FDC-42A3-9474-1A3956D46DE8}") = "Domain", "Domain", "{E16F9EDB-F5E0-48A3-9B95-57375061B7D7}"
EndProject
Project("{FAE04EC0-301F-11D3-BF4B-00C04F79EFBC}") = "CustomerManagement.Domain", "..\CustomerManagement.Domain\CustomerManagement.Domain.csproj", "{5A7F50CA-037A-4F55-A285-30CA6B7FB071}"
EndProject
Project("{2150E333-8FDC-42A3-9474-1A3956D46DE8}") = "Application", "Application", "{02EA681E-C7D8-13C7-8484-4AC65E1B71E8}"
EndProject
Project("{FAE04EC0-301F-11D3-BF4B-00C04F79EFBC}") = "CustomerManagement.Application", "..\CustomerManagement.Application\CustomerManagement.Application.csproj", "{7D6F1962-6E70-4216-B10F-DDC2893A9A2A}"
EndProject
Project("{2150E333-8FDC-42A3-9474-1A3956D46DE8}") = "Infrastructure", "Infrastructure", "{C84A7A32-15CA-491B-B9E5-5BAA71B1406B}"
EndProject
Project("{FAE04EC0-301F-11D3-BF4B-00C04F79EFBC}") = "CustomerManagement.Infrastructure", "..\CustomerManagement.Infrastructure\CustomerManagement.Infrastructure.csproj", "{512F3B7D-F8CF-460D-A54F-A279F1A52B76}"
EndProject
Global
	GlobalSection(SolutionConfigurationPlatforms) = preSolution
		Debug|Any CPU = Debug|Any CPU
		Release|Any CPU = Release|Any CPU
	EndGlobalSection
	GlobalSection(ProjectConfigurationPlatforms) = postSolution
		{0D975BD0-BA49-4B61-9A91-287570E0D1B8}.Debug|Any CPU.ActiveCfg = Debug|Any CPU
		{0D975BD0-BA49-4B61-9A91-287570E0D1B8}.Debug|Any CPU.Build.0 = Debug|Any CPU
		{0D975BD0-BA49-4B61-9A91-287570E0D1B8}.Release|Any CPU.ActiveCfg = Release|Any CPU
		{0D975BD0-BA49-4B61-9A91-287570E0D1B8}.Release|Any CPU.Build.0 = Release|Any CPU
		{5888B2C5-C828-4549-8DC2-182D353A996D}.Debug|Any CPU.ActiveCfg = Debug|Any CPU
		{5888B2C5-C828-4549-8DC2-182D353A996D}.Debug|Any CPU.Build.0 = Debug|Any CPU
		{5888B2C5-C828-4549-8DC2-182D353A996D}.Release|Any CPU.ActiveCfg = Release|Any CPU
		{5888B2C5-C828-4549-8DC2-182D353A996D}.Release|Any CPU.Build.0 = Release|Any CPU
		{5A7F50CA-037A-4F55-A285-30CA6B7FB071}.Debug|Any CPU.ActiveCfg = Debug|Any CPU
		{5A7F50CA-037A-4F55-A285-30CA6B7FB071}.Debug|Any CPU.Build.0 = Debug|Any CPU
		{5A7F50CA-037A-4F55-A285-30CA6B7FB071}.Release|Any CPU.ActiveCfg = Release|Any CPU
		{5A7F50CA-037A-4F55-A285-30CA6B7FB071}.Release|Any CPU.Build.0 = Release|Any CPU
		{7D6F1962-6E70-4216-B10F-DDC2893A9A2A}.Debug|Any CPU.ActiveCfg = Debug|Any CPU
		{7D6F1962-6E70-4216-B10F-DDC2893A9A2A}.Debug|Any CPU.Build.0 = Debug|Any CPU
		{7D6F1962-6E70-4216-B10F-DDC2893A9A2A}.Release|Any CPU.ActiveCfg = Release|Any CPU
		{7D6F1962-6E70-4216-B10F-DDC2893A9A2A}.Release|Any CPU.Build.0 = Release|Any CPU
		{512F3B7D-F8CF-460D-A54F-A279F1A52B76}.Debug|Any CPU.ActiveCfg = Debug|Any CPU
		{512F3B7D-F8CF-460D-A54F-A279F1A52B76}.Debug|Any CPU.Build.0 = Debug|Any CPU
		{512F3B7D-F8CF-460D-A54F-A279F1A52B76}.Release|Any CPU.ActiveCfg = Release|Any CPU
		{512F3B7D-F8CF-460D-A54F-A279F1A52B76}.Release|Any CPU.Build.0 = Release|Any CPU
	EndGlobalSection
	GlobalSection(SolutionProperties) = preSolution
		HideSolutionNode = FALSE
	EndGlobalSection
	GlobalSection(NestedProjects) = preSolution
		{0D975BD0-BA49-4B61-9A91-287570E0D1B8} = {109771BA-455E-44C6-A61E-ED26DADEB40C}
		{5888B2C5-C828-4549-8DC2-182D353A996D} = {64C50510-4586-4526-A22A-7C117FD2E21E}
		{5A7F50CA-037A-4F55-A285-30CA6B7FB071} = {E16F9EDB-F5E0-48A3-9B95-57375061B7D7}
		{7D6F1962-6E70-4216-B10F-DDC2893A9A2A} = {02EA681E-C7D8-13C7-8484-4AC65E1B71E8}
		{512F3B7D-F8CF-460D-A54F-A279F1A52B76} = {C84A7A32-15CA-491B-B9E5-5BAA71B1406B}
	EndGlobalSection
	GlobalSection(ExtensibilityGlobals) = postSolution
		SolutionGuid = {89A67F15-0119-41F7-933B-F9CCEB6C1F69}
	EndGlobalSection
EndGlobal
